// !$*UTF8*$!
{
	archiveVersion = 1;
	classes = {
	};
	objectVersion = 56;
	objects = {

/* Begin PBXBuildFile section */
		4212BD5B2A433DA900410AD5 /* FavouriteScroll.swift in Sources */ = {isa = PBXBuildFile; fileRef = 4212BD5A2A433DA900410AD5 /* FavouriteScroll.swift */; };
		4212BD5D2A43502D00410AD5 /* BarChart.swift in Sources */ = {isa = PBXBuildFile; fileRef = 4212BD5C2A43502D00410AD5 /* BarChart.swift */; };
		4212BD5F2A4353C900410AD5 /* PieChart.swift in Sources */ = {isa = PBXBuildFile; fileRef = 4212BD5E2A4353C900410AD5 /* PieChart.swift */; };
		423E1DEE2A45E1E5009CB502 /* StrokeText.swift in Sources */ = {isa = PBXBuildFile; fileRef = 423E1DED2A45E1E5009CB502 /* StrokeText.swift */; };
		42445CE32A4491490018C456 /* SeasonForBarChart.swift in Sources */ = {isa = PBXBuildFile; fileRef = 42445CE22A4491490018C456 /* SeasonForBarChart.swift */; };
		424982482A444CC000DA3D97 /* Colors.swift in Sources */ = {isa = PBXBuildFile; fileRef = 424982472A444CC000DA3D97 /* Colors.swift */; };
		42AFADB12A378E4C00A7494F /* EpisodesView.swift in Sources */ = {isa = PBXBuildFile; fileRef = 42AFADB02A378E4C00A7494F /* EpisodesView.swift */; };
		42AFADB32A37960500A7494F /* DetailView.swift in Sources */ = {isa = PBXBuildFile; fileRef = 42AFADB22A37960500A7494F /* DetailView.swift */; };
		42AFADB62A37A52600A7494F /* RatingSystem.swift in Sources */ = {isa = PBXBuildFile; fileRef = 42AFADB52A37A52600A7494F /* RatingSystem.swift */; };
		42BF1D162A27D00A009364EF /* Projekt_iOSApp.swift in Sources */ = {isa = PBXBuildFile; fileRef = 42BF1D152A27D00A009364EF /* Projekt_iOSApp.swift */; };
		42BF1D182A27D00A009364EF /* ContentView.swift in Sources */ = {isa = PBXBuildFile; fileRef = 42BF1D172A27D00A009364EF /* ContentView.swift */; };
		42BF1D1A2A27D00B009364EF /* Assets.xcassets in Resources */ = {isa = PBXBuildFile; fileRef = 42BF1D192A27D00B009364EF /* Assets.xcassets */; };
		42BF1D1D2A27D00B009364EF /* Preview Assets.xcassets in Resources */ = {isa = PBXBuildFile; fileRef = 42BF1D1C2A27D00B009364EF /* Preview Assets.xcassets */; };
		42BF1D272A27D071009364EF /* EpisodeViewModel.swift in Sources */ = {isa = PBXBuildFile; fileRef = 42BF1D262A27D071009364EF /* EpisodeViewModel.swift */; };
		42BF1D292A27D082009364EF /* CoreDataController.swift in Sources */ = {isa = PBXBuildFile; fileRef = 42BF1D282A27D082009364EF /* CoreDataController.swift */; };
		42BF1D2B2A27D0A5009364EF /* EpisodeItem.swift in Sources */ = {isa = PBXBuildFile; fileRef = 42BF1D2A2A27D0A5009364EF /* EpisodeItem.swift */; };
		42BF1D2D2A27D0B4009364EF /* EpisodeItemURL.swift in Sources */ = {isa = PBXBuildFile; fileRef = 42BF1D2C2A27D0B4009364EF /* EpisodeItemURL.swift */; };
		42BF1D302A27D0EF009364EF /* Simpsons.xcdatamodeld in Sources */ = {isa = PBXBuildFile; fileRef = 42BF1D2E2A27D0EF009364EF /* Simpsons.xcdatamodeld */; };
		42BF1D322A27D1B6009364EF /* MainView.swift in Sources */ = {isa = PBXBuildFile; fileRef = 42BF1D312A27D1B6009364EF /* MainView.swift */; };
/* End PBXBuildFile section */

/* Begin PBXFileReference section */
		4212BD5A2A433DA900410AD5 /* FavouriteScroll.swift */ = {isa = PBXFileReference; lastKnownFileType = sourcecode.swift; path = FavouriteScroll.swift; sourceTree = "<group>"; };
		4212BD5C2A43502D00410AD5 /* BarChart.swift */ = {isa = PBXFileReference; lastKnownFileType = sourcecode.swift; path = BarChart.swift; sourceTree = "<group>"; };
		4212BD5E2A4353C900410AD5 /* PieChart.swift */ = {isa = PBXFileReference; lastKnownFileType = sourcecode.swift; path = PieChart.swift; sourceTree = "<group>"; };
		423E1DED2A45E1E5009CB502 /* StrokeText.swift */ = {isa = PBXFileReference; lastKnownFileType = sourcecode.swift; path = StrokeText.swift; sourceTree = "<group>"; };
		42445CE22A4491490018C456 /* SeasonForBarChart.swift */ = {isa = PBXFileReference; lastKnownFileType = sourcecode.swift; path = SeasonForBarChart.swift; sourceTree = "<group>"; };
		424982472A444CC000DA3D97 /* Colors.swift */ = {isa = PBXFileReference; lastKnownFileType = sourcecode.swift; path = Colors.swift; sourceTree = "<group>"; };
		42AFADB02A378E4C00A7494F /* EpisodesView.swift */ = {isa = PBXFileReference; lastKnownFileType = sourcecode.swift; path = EpisodesView.swift; sourceTree = "<group>"; };
		42AFADB22A37960500A7494F /* DetailView.swift */ = {isa = PBXFileReference; lastKnownFileType = sourcecode.swift; path = DetailView.swift; sourceTree = "<group>"; };
		42AFADB52A37A52600A7494F /* RatingSystem.swift */ = {isa = PBXFileReference; lastKnownFileType = sourcecode.swift; path = RatingSystem.swift; sourceTree = "<group>"; };
		42BF1D122A27D00A009364EF /* Projekt_iOS.app */ = {isa = PBXFileReference; explicitFileType = wrapper.application; includeInIndex = 0; path = Projekt_iOS.app; sourceTree = BUILT_PRODUCTS_DIR; };
		42BF1D152A27D00A009364EF /* Projekt_iOSApp.swift */ = {isa = PBXFileReference; lastKnownFileType = sourcecode.swift; path = Projekt_iOSApp.swift; sourceTree = "<group>"; };
		42BF1D172A27D00A009364EF /* ContentView.swift */ = {isa = PBXFileReference; lastKnownFileType = sourcecode.swift; path = ContentView.swift; sourceTree = "<group>"; };
		42BF1D192A27D00B009364EF /* Assets.xcassets */ = {isa = PBXFileReference; lastKnownFileType = folder.assetcatalog; path = Assets.xcassets; sourceTree = "<group>"; };
		42BF1D1C2A27D00B009364EF /* Preview Assets.xcassets */ = {isa = PBXFileReference; lastKnownFileType = folder.assetcatalog; path = "Preview Assets.xcassets"; sourceTree = "<group>"; };
		42BF1D262A27D071009364EF /* EpisodeViewModel.swift */ = {isa = PBXFileReference; lastKnownFileType = sourcecode.swift; path = EpisodeViewModel.swift; sourceTree = "<group>"; };
		42BF1D282A27D082009364EF /* CoreDataController.swift */ = {isa = PBXFileReference; lastKnownFileType = sourcecode.swift; path = CoreDataController.swift; sourceTree = "<group>"; };
		42BF1D2A2A27D0A5009364EF /* EpisodeItem.swift */ = {isa = PBXFileReference; lastKnownFileType = sourcecode.swift; path = EpisodeItem.swift; sourceTree = "<group>"; };
		42BF1D2C2A27D0B4009364EF /* EpisodeItemURL.swift */ = {isa = PBXFileReference; lastKnownFileType = sourcecode.swift; path = EpisodeItemURL.swift; sourceTree = "<group>"; };
		42BF1D2F2A27D0EF009364EF /* Simpsons.xcdatamodel */ = {isa = PBXFileReference; lastKnownFileType = wrapper.xcdatamodel; path = Simpsons.xcdatamodel; sourceTree = "<group>"; };
		42BF1D312A27D1B6009364EF /* MainView.swift */ = {isa = PBXFileReference; lastKnownFileType = sourcecode.swift; path = MainView.swift; sourceTree = "<group>"; };
/* End PBXFileReference section */

/* Begin PBXFrameworksBuildPhase section */
		42BF1D0F2A27D00A009364EF /* Frameworks */ = {
			isa = PBXFrameworksBuildPhase;
			buildActionMask = 2147483647;
			files = (
			);
			runOnlyForDeploymentPostprocessing = 0;
		};
/* End PBXFrameworksBuildPhase section */

/* Begin PBXGroup section */
		42AFADB42A37A51200A7494F /* Components */ = {
			isa = PBXGroup;
			children = (
				42AFADB52A37A52600A7494F /* RatingSystem.swift */,
				4212BD5A2A433DA900410AD5 /* FavouriteScroll.swift */,
				4212BD5C2A43502D00410AD5 /* BarChart.swift */,
				4212BD5E2A4353C900410AD5 /* PieChart.swift */,
				423E1DED2A45E1E5009CB502 /* StrokeText.swift */,
			);
			path = Components;
			sourceTree = "<group>";
		};
		42BF1D092A27D00A009364EF = {
			isa = PBXGroup;
			children = (
				42BF1D142A27D00A009364EF /* Projekt_iOS */,
				42BF1D132A27D00A009364EF /* Products */,
			);
			sourceTree = "<group>";
		};
		42BF1D132A27D00A009364EF /* Products */ = {
			isa = PBXGroup;
			children = (
				42BF1D122A27D00A009364EF /* Projekt_iOS.app */,
			);
			name = Products;
			sourceTree = "<group>";
		};
		42BF1D142A27D00A009364EF /* Projekt_iOS */ = {
			isa = PBXGroup;
			children = (
				42AFADB42A37A51200A7494F /* Components */,
				42BF1D252A27D058009364EF /* Model */,
				42BF1D242A27D050009364EF /* ViewModels */,
				42BF1D232A27D049009364EF /* Views */,
				42BF1D152A27D00A009364EF /* Projekt_iOSApp.swift */,
				42BF1D172A27D00A009364EF /* ContentView.swift */,
				42BF1D192A27D00B009364EF /* Assets.xcassets */,
				42BF1D1B2A27D00B009364EF /* Preview Content */,
			);
			path = Projekt_iOS;
			sourceTree = "<group>";
		};
		42BF1D1B2A27D00B009364EF /* Preview Content */ = {
			isa = PBXGroup;
			children = (
				42BF1D1C2A27D00B009364EF /* Preview Assets.xcassets */,
			);
			path = "Preview Content";
			sourceTree = "<group>";
		};
		42BF1D232A27D049009364EF /* Views */ = {
			isa = PBXGroup;
			children = (
				42BF1D312A27D1B6009364EF /* MainView.swift */,
				42AFADB02A378E4C00A7494F /* EpisodesView.swift */,
				42AFADB22A37960500A7494F /* DetailView.swift */,
			);
			path = Views;
			sourceTree = "<group>";
		};
		42BF1D242A27D050009364EF /* ViewModels */ = {
			isa = PBXGroup;
			children = (
				42BF1D262A27D071009364EF /* EpisodeViewModel.swift */,
			);
			path = ViewModels;
			sourceTree = "<group>";
		};
		42BF1D252A27D058009364EF /* Model */ = {
			isa = PBXGroup;
			children = (
				42BF1D282A27D082009364EF /* CoreDataController.swift */,
				42BF1D2A2A27D0A5009364EF /* EpisodeItem.swift */,
				42BF1D2C2A27D0B4009364EF /* EpisodeItemURL.swift */,
				42BF1D2E2A27D0EF009364EF /* Simpsons.xcdatamodeld */,
				424982472A444CC000DA3D97 /* Colors.swift */,
				42445CE22A4491490018C456 /* SeasonForBarChart.swift */,
			);
			path = Model;
			sourceTree = "<group>";
		};
/* End PBXGroup section */

/* Begin PBXNativeTarget section */
		42BF1D112A27D00A009364EF /* Projekt_iOS */ = {
			isa = PBXNativeTarget;
			buildConfigurationList = 42BF1D202A27D00B009364EF /* Build configuration list for PBXNativeTarget "Projekt_iOS" */;
			buildPhases = (
				42BF1D0E2A27D00A009364EF /* Sources */,
				42BF1D0F2A27D00A009364EF /* Frameworks */,
				42BF1D102A27D00A009364EF /* Resources */,
			);
			buildRules = (
			);
			dependencies = (
			);
			name = Projekt_iOS;
			productName = Projekt_iOS;
			productReference = 42BF1D122A27D00A009364EF /* Projekt_iOS.app */;
			productType = "com.apple.product-type.application";
		};
/* End PBXNativeTarget section */

/* Begin PBXProject section */
		42BF1D0A2A27D00A009364EF /* Project object */ = {
			isa = PBXProject;
			attributes = {
				BuildIndependentTargetsInParallel = 1;
				LastSwiftUpdateCheck = 1400;
				LastUpgradeCheck = 1400;
				TargetAttributes = {
					42BF1D112A27D00A009364EF = {
						CreatedOnToolsVersion = 14.0.1;
					};
				};
			};
			buildConfigurationList = 42BF1D0D2A27D00A009364EF /* Build configuration list for PBXProject "Projekt_iOS" */;
			compatibilityVersion = "Xcode 14.0";
			developmentRegion = en;
			hasScannedForEncodings = 0;
			knownRegions = (
				en,
				Base,
			);
			mainGroup = 42BF1D092A27D00A009364EF;
			productRefGroup = 42BF1D132A27D00A009364EF /* Products */;
			projectDirPath = "";
			projectRoot = "";
			targets = (
				42BF1D112A27D00A009364EF /* Projekt_iOS */,
			);
		};
/* End PBXProject section */

/* Begin PBXResourcesBuildPhase section */
		42BF1D102A27D00A009364EF /* Resources */ = {
			isa = PBXResourcesBuildPhase;
			buildActionMask = 2147483647;
			files = (
				42BF1D1D2A27D00B009364EF /* Preview Assets.xcassets in Resources */,
				42BF1D1A2A27D00B009364EF /* Assets.xcassets in Resources */,
			);
			runOnlyForDeploymentPostprocessing = 0;
		};
/* End PBXResourcesBuildPhase section */

/* Begin PBXSourcesBuildPhase section */
		42BF1D0E2A27D00A009364EF /* Sources */ = {
			isa = PBXSourcesBuildPhase;
			buildActionMask = 2147483647;
			files = (
				42AFADB62A37A52600A7494F /* RatingSystem.swift in Sources */,
				424982482A444CC000DA3D97 /* Colors.swift in Sources */,
				42AFADB12A378E4C00A7494F /* EpisodesView.swift in Sources */,
				42445CE32A4491490018C456 /* SeasonForBarChart.swift in Sources */,
				42BF1D2B2A27D0A5009364EF /* EpisodeItem.swift in Sources */,
				4212BD5F2A4353C900410AD5 /* PieChart.swift in Sources */,
				42BF1D322A27D1B6009364EF /* MainView.swift in Sources */,
				4212BD5B2A433DA900410AD5 /* FavouriteScroll.swift in Sources */,
				42AFADB32A37960500A7494F /* DetailView.swift in Sources */,
				42BF1D182A27D00A009364EF /* ContentView.swift in Sources */,
				4212BD5D2A43502D00410AD5 /* BarChart.swift in Sources */,
				42BF1D2D2A27D0B4009364EF /* EpisodeItemURL.swift in Sources */,
				42BF1D272A27D071009364EF /* EpisodeViewModel.swift in Sources */,
				42BF1D302A27D0EF009364EF /* Simpsons.xcdatamodeld in Sources */,
				42BF1D292A27D082009364EF /* CoreDataController.swift in Sources */,
				423E1DEE2A45E1E5009CB502 /* StrokeText.swift in Sources */,
				42BF1D162A27D00A009364EF /* Projekt_iOSApp.swift in Sources */,
			);
			runOnlyForDeploymentPostprocessing = 0;
		};
/* End PBXSourcesBuildPhase section */

/* Begin XCBuildConfiguration section */
		42BF1D1E2A27D00B009364EF /* Debug */ = {
			isa = XCBuildConfiguration;
			buildSettings = {
				ALWAYS_SEARCH_USER_PATHS = NO;
				CLANG_ANALYZER_NONNULL = YES;
				CLANG_ANALYZER_NUMBER_OBJECT_CONVERSION = YES_AGGRESSIVE;
				CLANG_CXX_LANGUAGE_STANDARD = "gnu++20";
				CLANG_ENABLE_MODULES = YES;
				CLANG_ENABLE_OBJC_ARC = YES;
				CLANG_ENABLE_OBJC_WEAK = YES;
				CLANG_WARN_BLOCK_CAPTURE_AUTORELEASING = YES;
				CLANG_WARN_BOOL_CONVERSION = YES;
				CLANG_WARN_COMMA = YES;
				CLANG_WARN_CONSTANT_CONVERSION = YES;
				CLANG_WARN_DEPRECATED_OBJC_IMPLEMENTATIONS = YES;
				CLANG_WARN_DIRECT_OBJC_ISA_USAGE = YES_ERROR;
				CLANG_WARN_DOCUMENTATION_COMMENTS = YES;
				CLANG_WARN_EMPTY_BODY = YES;
				CLANG_WARN_ENUM_CONVERSION = YES;
				CLANG_WARN_INFINITE_RECURSION = YES;
				CLANG_WARN_INT_CONVERSION = YES;
				CLANG_WARN_NON_LITERAL_NULL_CONVERSION = YES;
				CLANG_WARN_OBJC_IMPLICIT_RETAIN_SELF = YES;
				CLANG_WARN_OBJC_LITERAL_CONVERSION = YES;
				CLANG_WARN_OBJC_ROOT_CLASS = YES_ERROR;
				CLANG_WARN_QUOTED_INCLUDE_IN_FRAMEWORK_HEADER = YES;
				CLANG_WARN_RANGE_LOOP_ANALYSIS = YES;
				CLANG_WARN_STRICT_PROTOTYPES = YES;
				CLANG_WARN_SUSPICIOUS_MOVE = YES;
				CLANG_WARN_UNGUARDED_AVAILABILITY = YES_AGGRESSIVE;
				CLANG_WARN_UNREACHABLE_CODE = YES;
				CLANG_WARN__DUPLICATE_METHOD_MATCH = YES;
				COPY_PHASE_STRIP = NO;
				DEBUG_INFORMATION_FORMAT = dwarf;
				ENABLE_STRICT_OBJC_MSGSEND = YES;
				ENABLE_TESTABILITY = YES;
				GCC_C_LANGUAGE_STANDARD = gnu11;
				GCC_DYNAMIC_NO_PIC = NO;
				GCC_NO_COMMON_BLOCKS = YES;
				GCC_OPTIMIZATION_LEVEL = 0;
				GCC_PREPROCESSOR_DEFINITIONS = (
					"DEBUG=1",
					"$(inherited)",
				);
				GCC_WARN_64_TO_32_BIT_CONVERSION = YES;
				GCC_WARN_ABOUT_RETURN_TYPE = YES_ERROR;
				GCC_WARN_UNDECLARED_SELECTOR = YES;
				GCC_WARN_UNINITIALIZED_AUTOS = YES_AGGRESSIVE;
				GCC_WARN_UNUSED_FUNCTION = YES;
				GCC_WARN_UNUSED_VARIABLE = YES;
				IPHONEOS_DEPLOYMENT_TARGET = 16.0;
				MTL_ENABLE_DEBUG_INFO = INCLUDE_SOURCE;
				MTL_FAST_MATH = YES;
				ONLY_ACTIVE_ARCH = YES;
				SDKROOT = iphoneos;
				SWIFT_ACTIVE_COMPILATION_CONDITIONS = DEBUG;
				SWIFT_OPTIMIZATION_LEVEL = "-Onone";
			};
			name = Debug;
		};
		42BF1D1F2A27D00B009364EF /* Release */ = {
			isa = XCBuildConfiguration;
			buildSettings = {
				ALWAYS_SEARCH_USER_PATHS = NO;
				CLANG_ANALYZER_NONNULL = YES;
				CLANG_ANALYZER_NUMBER_OBJECT_CONVERSION = YES_AGGRESSIVE;
				CLANG_CXX_LANGUAGE_STANDARD = "gnu++20";
				CLANG_ENABLE_MODULES = YES;
				CLANG_ENABLE_OBJC_ARC = YES;
				CLANG_ENABLE_OBJC_WEAK = YES;
				CLANG_WARN_BLOCK_CAPTURE_AUTORELEASING = YES;
				CLANG_WARN_BOOL_CONVERSION = YES;
				CLANG_WARN_COMMA = YES;
				CLANG_WARN_CONSTANT_CONVERSION = YES;
				CLANG_WARN_DEPRECATED_OBJC_IMPLEMENTATIONS = YES;
				CLANG_WARN_DIRECT_OBJC_ISA_USAGE = YES_ERROR;
				CLANG_WARN_DOCUMENTATION_COMMENTS = YES;
				CLANG_WARN_EMPTY_BODY = YES;
				CLANG_WARN_ENUM_CONVERSION = YES;
				CLANG_WARN_INFINITE_RECURSION = YES;
				CLANG_WARN_INT_CONVERSION = YES;
				CLANG_WARN_NON_LITERAL_NULL_CONVERSION = YES;
				CLANG_WARN_OBJC_IMPLICIT_RETAIN_SELF = YES;
				CLANG_WARN_OBJC_LITERAL_CONVERSION = YES;
				CLANG_WARN_OBJC_ROOT_CLASS = YES_ERROR;
				CLANG_WARN_QUOTED_INCLUDE_IN_FRAMEWORK_HEADER = YES;
				CLANG_WARN_RANGE_LOOP_ANALYSIS = YES;
				CLANG_WARN_STRICT_PROTOTYPES = YES;
				CLANG_WARN_SUSPICIOUS_MOVE = YES;
				CLANG_WARN_UNGUARDED_AVAILABILITY = YES_AGGRESSIVE;
				CLANG_WARN_UNREACHABLE_CODE = YES;
				CLANG_WARN__DUPLICATE_METHOD_MATCH = YES;
				COPY_PHASE_STRIP = NO;
				DEBUG_INFORMATION_FORMAT = "dwarf-with-dsym";
				ENABLE_NS_ASSERTIONS = NO;
				ENABLE_STRICT_OBJC_MSGSEND = YES;
				GCC_C_LANGUAGE_STANDARD = gnu11;
				GCC_NO_COMMON_BLOCKS = YES;
				GCC_WARN_64_TO_32_BIT_CONVERSION = YES;
				GCC_WARN_ABOUT_RETURN_TYPE = YES_ERROR;
				GCC_WARN_UNDECLARED_SELECTOR = YES;
				GCC_WARN_UNINITIALIZED_AUTOS = YES_AGGRESSIVE;
				GCC_WARN_UNUSED_FUNCTION = YES;
				GCC_WARN_UNUSED_VARIABLE = YES;
				IPHONEOS_DEPLOYMENT_TARGET = 16.0;
				MTL_ENABLE_DEBUG_INFO = NO;
				MTL_FAST_MATH = YES;
				SDKROOT = iphoneos;
				SWIFT_COMPILATION_MODE = wholemodule;
				SWIFT_OPTIMIZATION_LEVEL = "-O";
				VALIDATE_PRODUCT = YES;
			};
			name = Release;
		};
		42BF1D212A27D00B009364EF /* Debug */ = {
			isa = XCBuildConfiguration;
			buildSettings = {
				ASSETCATALOG_COMPILER_APPICON_NAME = AppIcon;
				ASSETCATALOG_COMPILER_GLOBAL_ACCENT_COLOR_NAME = AccentColor;
				CODE_SIGN_STYLE = Automatic;
				CURRENT_PROJECT_VERSION = 1;
				DEVELOPMENT_ASSET_PATHS = "\"Projekt_iOS/Preview Content\"";
				ENABLE_PREVIEWS = YES;
				GENERATE_INFOPLIST_FILE = YES;
				INFOPLIST_KEY_UIApplicationSceneManifest_Generation = YES;
				INFOPLIST_KEY_UIApplicationSupportsIndirectInputEvents = YES;
				INFOPLIST_KEY_UILaunchScreen_Generation = YES;
				INFOPLIST_KEY_UISupportedInterfaceOrientations_iPad = "UIInterfaceOrientationPortrait UIInterfaceOrientationPortraitUpsideDown UIInterfaceOrientationLandscapeLeft UIInterfaceOrientationLandscapeRight";
				INFOPLIST_KEY_UISupportedInterfaceOrientations_iPhone = "UIInterfaceOrientationPortrait UIInterfaceOrientationLandscapeLeft UIInterfaceOrientationLandscapeRight";
				LD_RUNPATH_SEARCH_PATHS = (
					"$(inherited)",
					"@executable_path/Frameworks",
				);
				MARKETING_VERSION = 1.0;
				PRODUCT_BUNDLE_IDENTIFIER = "o.Projekt-iOS";
				PRODUCT_NAME = "$(TARGET_NAME)";
				SWIFT_EMIT_LOC_STRINGS = YES;
				SWIFT_VERSION = 5.0;
				TARGETED_DEVICE_FAMILY = "1,2";
			};
			name = Debug;
		};
		42BF1D222A27D00B009364EF /* Release */ = {
			isa = XCBuildConfiguration;
			buildSettings = {
				ASSETCATALOG_COMPILER_APPICON_NAME = AppIcon;
				ASSETCATALOG_COMPILER_GLOBAL_ACCENT_COLOR_NAME = AccentColor;
				CODE_SIGN_STYLE = Automatic;
				CURRENT_PROJECT_VERSION = 1;
				DEVELOPMENT_ASSET_PATHS = "\"Projekt_iOS/Preview Content\"";
				ENABLE_PREVIEWS = YES;
				GENERATE_INFOPLIST_FILE = YES;
				INFOPLIST_KEY_UIApplicationSceneManifest_Generation = YES;
				INFOPLIST_KEY_UIApplicationSupportsIndirectInputEvents = YES;
				INFOPLIST_KEY_UILaunchScreen_Generation = YES;
				INFOPLIST_KEY_UISupportedInterfaceOrientations_iPad = "UIInterfaceOrientationPortrait UIInterfaceOrientationPortraitUpsideDown UIInterfaceOrientationLandscapeLeft UIInterfaceOrientationLandscapeRight";
				INFOPLIST_KEY_UISupportedInterfaceOrientations_iPhone = "UIInterfaceOrientationPortrait UIInterfaceOrientationLandscapeLeft UIInterfaceOrientationLandscapeRight";
				LD_RUNPATH_SEARCH_PATHS = (
					"$(inherited)",
					"@executable_path/Frameworks",
				);
				MARKETING_VERSION = 1.0;
				PRODUCT_BUNDLE_IDENTIFIER = "o.Projekt-iOS";
				PRODUCT_NAME = "$(TARGET_NAME)";
				SWIFT_EMIT_LOC_STRINGS = YES;
				SWIFT_VERSION = 5.0;
				TARGETED_DEVICE_FAMILY = "1,2";
			};
			name = Release;
		};
/* End XCBuildConfiguration section */

/* Begin XCConfigurationList section */
		42BF1D0D2A27D00A009364EF /* Build configuration list for PBXProject "Projekt_iOS" */ = {
			isa = XCConfigurationList;
			buildConfigurations = (
				42BF1D1E2A27D00B009364EF /* Debug */,
				42BF1D1F2A27D00B009364EF /* Release */,
			);
			defaultConfigurationIsVisible = 0;
			defaultConfigurationName = Release;
		};
		42BF1D202A27D00B009364EF /* Build configuration list for PBXNativeTarget "Projekt_iOS" */ = {
			isa = XCConfigurationList;
			buildConfigurations = (
				42BF1D212A27D00B009364EF /* Debug */,
				42BF1D222A27D00B009364EF /* Release */,
			);
			defaultConfigurationIsVisible = 0;
			defaultConfigurationName = Release;
		};
/* End XCConfigurationList section */

/* Begin XCVersionGroup section */
		42BF1D2E2A27D0EF009364EF /* Simpsons.xcdatamodeld */ = {
			isa = XCVersionGroup;
			children = (
				42BF1D2F2A27D0EF009364EF /* Simpsons.xcdatamodel */,
			);
			currentVersion = 42BF1D2F2A27D0EF009364EF /* Simpsons.xcdatamodel */;
			path = Simpsons.xcdatamodeld;
			sourceTree = "<group>";
			versionGroupType = wrapper.xcdatamodel;
		};
/* End XCVersionGroup section */
	};
	rootObject = 42BF1D0A2A27D00A009364EF /* Project object */;
}
